
Microsoft Visual Studio Solution File, Format Version 12.00
# Visual Studio Version 17
VisualStudioVersion = 17.6.33801.468
MinimumVisualStudioVersion = 10.0.40219.1
Project("{9A19103F-16F7-4668-BE54-9A1E7A4F7556}") = "RestWithAsp.Net", "RestWithAsp.Net\RestWithAsp.Net.csproj", "{AA74012C-7DB9-4E19-BD6E-4144F5D09963}"
EndProject
Project("{E53339B2-1760-4266-BCC7-CA923CBCF16C}") = "docker-compose", "docker-compose.dcproj", "{F7763A1C-27DC-411F-89B0-3323ACBCD01D}"
EndProject
Global
	GlobalSection(SolutionConfigurationPlatforms) = preSolution
		Debug|Any CPU = Debug|Any CPU
		Release|Any CPU = Release|Any CPU
	EndGlobalSection
	GlobalSection(ProjectConfigurationPlatforms) = postSolution
		{AA74012C-7DB9-4E19-BD6E-4144F5D09963}.Debug|Any CPU.ActiveCfg = Debug|Any CPU
		{AA74012C-7DB9-4E19-BD6E-4144F5D09963}.Debug|Any CPU.Build.0 = Debug|Any CPU
		{AA74012C-7DB9-4E19-BD6E-4144F5D09963}.Release|Any CPU.ActiveCfg = Release|Any CPU
		{AA74012C-7DB9-4E19-BD6E-4144F5D09963}.Release|Any CPU.Build.0 = Release|Any CPU
		{F7763A1C-27DC-411F-89B0-3323ACBCD01D}.Debug|Any CPU.ActiveCfg = Debug|Any CPU
		{F7763A1C-27DC-411F-89B0-3323ACBCD01D}.Debug|Any CPU.Build.0 = Debug|Any CPU
		{F7763A1C-27DC-411F-89B0-3323ACBCD01D}.Release|Any CPU.ActiveCfg = Release|Any CPU
		{F7763A1C-27DC-411F-89B0-3323ACBCD01D}.Release|Any CPU.Build.0 = Release|Any CPU
	EndGlobalSection
	GlobalSection(SolutionProperties) = preSolution
		HideSolutionNode = FALSE
	EndGlobalSection
	GlobalSection(ExtensibilityGlobals) = postSolution
		SolutionGuid = {C17BEBA7-F197-4773-AF0C-DEED2B3A8251}
	EndGlobalSection
EndGlobal
