
Microsoft Visual Studio Solution File, Format Version 12.00
# Visual Studio Version 17
VisualStudioVersion = 17.6.33801.468
MinimumVisualStudioVersion = 10.0.40219.1
Project("{FAE04EC0-301F-11D3-BF4B-00C04F79EFBC}") = "RestWithAsp.Net", "RestWithAsp.Net\RestWithAsp.Net.csproj", "{AA74012C-7DB9-4E19-BD6E-4144F5D09963}"
EndProject
Global
	GlobalSection(SolutionConfigurationPlatforms) = preSolution
		Debug|Any CPU = Debug|Any CPU
		Release|Any CPU = Release|Any CPU
	EndGlobalSection
	GlobalSection(ProjectConfigurationPlatforms) = postSolution
		{AA74012C-7DB9-4E19-BD6E-4144F5D09963}.Debug|Any CPU.ActiveCfg = Debug|Any CPU
		{AA74012C-7DB9-4E19-BD6E-4144F5D09963}.Debug|Any CPU.Build.0 = Debug|Any CPU
		{AA74012C-7DB9-4E19-BD6E-4144F5D09963}.Release|Any CPU.ActiveCfg = Release|Any CPU
		{AA74012C-7DB9-4E19-BD6E-4144F5D09963}.Release|Any CPU.Build.0 = Release|Any CPU
	EndGlobalSection
	GlobalSection(SolutionProperties) = preSolution
		HideSolutionNode = FALSE
	EndGlobalSection
	GlobalSection(ExtensibilityGlobals) = postSolution
		SolutionGuid = {C17BEBA7-F197-4773-AF0C-DEED2B3A8251}
	EndGlobalSection
EndGlobal
